{
  "originHash" : "9acaf626df531230d2d3761265c93daa81733eb8212998398cb709e07be285b5",
  "pins" : [
    {
      "identity" : "networkimage",
      "kind" : "remoteSourceControl",
      "location" : "https://github.com/gonzalezreal/NetworkImage",
      "state" : {
        "revision" : "7aff8d1b31148d32c5933d75557d42f6323ee3d1",
        "version" : "6.0.0"
      }
    }
  ],
  "version" : 3
}
